// !$*UTF8*$!
{
	archiveVersion = 1;
	classes = {
	};
	objectVersion = 56;
	objects = {

/* Begin PBXBuildFile section */
		0A1AFF9128894343007ECC99 /* NotificationsManager.swift in Sources */ = {isa = PBXBuildFile; fileRef = 0A1AFF9028894343007ECC99 /* NotificationsManager.swift */; };
		0A22FCCB287FFA11007209CE /* String+MD5.swift in Sources */ = {isa = PBXBuildFile; fileRef = 0A22FCCA287FFA11007209CE /* String+MD5.swift */; };
		0A22FCCD287FFA40007209CE /* Data+Hex.swift in Sources */ = {isa = PBXBuildFile; fileRef = 0A22FCCC287FFA40007209CE /* Data+Hex.swift */; };
		0ACD2E14287D721E0018920C /* NotificationsApp.swift in Sources */ = {isa = PBXBuildFile; fileRef = 0ACD2E13287D721E0018920C /* NotificationsApp.swift */; };
		0ACD2E16287D721E0018920C /* ContentView.swift in Sources */ = {isa = PBXBuildFile; fileRef = 0ACD2E15287D721E0018920C /* ContentView.swift */; };
		0ACD2E18287D72200018920C /* Assets.xcassets in Resources */ = {isa = PBXBuildFile; fileRef = 0ACD2E17287D72200018920C /* Assets.xcassets */; };
		0ACD2E1B287D72200018920C /* Preview Assets.xcassets in Resources */ = {isa = PBXBuildFile; fileRef = 0ACD2E1A287D72200018920C /* Preview Assets.xcassets */; };
		0AEB6F4F287EB014006B9510 /* NotificationsView.swift in Sources */ = {isa = PBXBuildFile; fileRef = 0AEB6F4E287EB014006B9510 /* NotificationsView.swift */; };
		0AEB6F51287EB01D006B9510 /* SettingsView.swift in Sources */ = {isa = PBXBuildFile; fileRef = 0AEB6F50287EB01D006B9510 /* SettingsView.swift */; };
		0AEB6F54287EB106006B9510 /* NotificationMessage.swift in Sources */ = {isa = PBXBuildFile; fileRef = 0AEB6F53287EB106006B9510 /* NotificationMessage.swift */; };
		0AEB6F56287EB51A006B9510 /* NotificationMessageView.swift in Sources */ = {isa = PBXBuildFile; fileRef = 0AEB6F55287EB51A006B9510 /* NotificationMessageView.swift */; };
		0AEB6F58287EBA0B006B9510 /* NavigationPathManager.swift in Sources */ = {isa = PBXBuildFile; fileRef = 0AEB6F57287EBA0B006B9510 /* NavigationPathManager.swift */; };
		0AEB6F5B287EC95E006B9510 /* DeviceTokenManager.swift in Sources */ = {isa = PBXBuildFile; fileRef = 0AEB6F5A287EC95E006B9510 /* DeviceTokenManager.swift */; };
/* End PBXBuildFile section */

/* Begin PBXFileReference section */
		0A1AFF7B28893CEB007ECC99 /* UserNotifications.framework */ = {isa = PBXFileReference; lastKnownFileType = wrapper.framework; name = UserNotifications.framework; path = System/Library/Frameworks/UserNotifications.framework; sourceTree = SDKROOT; };
		0A1AFF7D28893CEB007ECC99 /* UserNotificationsUI.framework */ = {isa = PBXFileReference; lastKnownFileType = wrapper.framework; name = UserNotificationsUI.framework; path = System/Library/Frameworks/UserNotificationsUI.framework; sourceTree = SDKROOT; };
		0A1AFF8D28893E48007ECC99 /* Info.plist */ = {isa = PBXFileReference; lastKnownFileType = text.plist; path = Info.plist; sourceTree = "<group>"; };
		0A1AFF9028894343007ECC99 /* NotificationsManager.swift */ = {isa = PBXFileReference; lastKnownFileType = sourcecode.swift; path = NotificationsManager.swift; sourceTree = "<group>"; };
		0A22FCCA287FFA11007209CE /* String+MD5.swift */ = {isa = PBXFileReference; lastKnownFileType = sourcecode.swift; path = "String+MD5.swift"; sourceTree = "<group>"; };
		0A22FCCC287FFA40007209CE /* Data+Hex.swift */ = {isa = PBXFileReference; lastKnownFileType = sourcecode.swift; path = "Data+Hex.swift"; sourceTree = "<group>"; };
		0ACD2E10287D721E0018920C /* Notifications.app */ = {isa = PBXFileReference; explicitFileType = wrapper.application; includeInIndex = 0; path = Notifications.app; sourceTree = BUILT_PRODUCTS_DIR; };
		0ACD2E13287D721E0018920C /* NotificationsApp.swift */ = {isa = PBXFileReference; lastKnownFileType = sourcecode.swift; path = NotificationsApp.swift; sourceTree = "<group>"; };
		0ACD2E15287D721E0018920C /* ContentView.swift */ = {isa = PBXFileReference; lastKnownFileType = sourcecode.swift; path = ContentView.swift; sourceTree = "<group>"; };
		0ACD2E17287D72200018920C /* Assets.xcassets */ = {isa = PBXFileReference; lastKnownFileType = folder.assetcatalog; path = Assets.xcassets; sourceTree = "<group>"; };
		0ACD2E1A287D72200018920C /* Preview Assets.xcassets */ = {isa = PBXFileReference; lastKnownFileType = folder.assetcatalog; path = "Preview Assets.xcassets"; sourceTree = "<group>"; };
		0AEB6F4E287EB014006B9510 /* NotificationsView.swift */ = {isa = PBXFileReference; lastKnownFileType = sourcecode.swift; path = NotificationsView.swift; sourceTree = "<group>"; };
		0AEB6F50287EB01D006B9510 /* SettingsView.swift */ = {isa = PBXFileReference; lastKnownFileType = sourcecode.swift; path = SettingsView.swift; sourceTree = "<group>"; };
		0AEB6F53287EB106006B9510 /* NotificationMessage.swift */ = {isa = PBXFileReference; lastKnownFileType = sourcecode.swift; path = NotificationMessage.swift; sourceTree = "<group>"; };
		0AEB6F55287EB51A006B9510 /* NotificationMessageView.swift */ = {isa = PBXFileReference; lastKnownFileType = sourcecode.swift; path = NotificationMessageView.swift; sourceTree = "<group>"; };
		0AEB6F57287EBA0B006B9510 /* NavigationPathManager.swift */ = {isa = PBXFileReference; lastKnownFileType = sourcecode.swift; path = NavigationPathManager.swift; sourceTree = "<group>"; };
		0AEB6F59287EBFDA006B9510 /* Notifications.entitlements */ = {isa = PBXFileReference; lastKnownFileType = text.plist.entitlements; path = Notifications.entitlements; sourceTree = "<group>"; };
		0AEB6F5A287EC95E006B9510 /* DeviceTokenManager.swift */ = {isa = PBXFileReference; lastKnownFileType = sourcecode.swift; path = DeviceTokenManager.swift; sourceTree = "<group>"; };
/* End PBXFileReference section */

/* Begin PBXFrameworksBuildPhase section */
		0ACD2E0D287D721E0018920C /* Frameworks */ = {
			isa = PBXFrameworksBuildPhase;
			buildActionMask = 2147483647;
			files = (
			);
			runOnlyForDeploymentPostprocessing = 0;
		};
/* End PBXFrameworksBuildPhase section */

/* Begin PBXGroup section */
		0A1AFF7A28893CEB007ECC99 /* Frameworks */ = {
			isa = PBXGroup;
			children = (
				0A1AFF7B28893CEB007ECC99 /* UserNotifications.framework */,
				0A1AFF7D28893CEB007ECC99 /* UserNotificationsUI.framework */,
			);
			name = Frameworks;
			sourceTree = "<group>";
		};
		0A1AFF8E288942EA007ECC99 /* Backend */ = {
			isa = PBXGroup;
			children = (
				0A22FCC9287FF9FE007209CE /* Utils */,
				0AEB6F52287EB0F4006B9510 /* Types */,
				0AEB6F57287EBA0B006B9510 /* NavigationPathManager.swift */,
				0AEB6F5A287EC95E006B9510 /* DeviceTokenManager.swift */,
				0A1AFF9028894343007ECC99 /* NotificationsManager.swift */,
			);
			path = Backend;
			sourceTree = "<group>";
		};
		0A1AFF8F288942F2007ECC99 /* Frontend */ = {
			isa = PBXGroup;
			children = (
				0AEB6F4D287EB001006B9510 /* Settings */,
				0AEB6F4C287EAF73006B9510 /* Notifications */,
			);
			path = Frontend;
			sourceTree = "<group>";
		};
		0A22FCC9287FF9FE007209CE /* Utils */ = {
			isa = PBXGroup;
			children = (
				0A22FCCA287FFA11007209CE /* String+MD5.swift */,
				0A22FCCC287FFA40007209CE /* Data+Hex.swift */,
			);
			path = Utils;
			sourceTree = "<group>";
		};
		0ACD2E07287D721E0018920C = {
			isa = PBXGroup;
			children = (
				0ACD2E12287D721E0018920C /* Notifications */,
				0A1AFF7A28893CEB007ECC99 /* Frameworks */,
				0ACD2E11287D721E0018920C /* Products */,
			);
			sourceTree = "<group>";
		};
		0ACD2E11287D721E0018920C /* Products */ = {
			isa = PBXGroup;
			children = (
				0ACD2E10287D721E0018920C /* Notifications.app */,
			);
			name = Products;
			sourceTree = "<group>";
		};
		0ACD2E12287D721E0018920C /* Notifications */ = {
			isa = PBXGroup;
			children = (
				0A1AFF8F288942F2007ECC99 /* Frontend */,
				0A1AFF8E288942EA007ECC99 /* Backend */,
				0A1AFF8D28893E48007ECC99 /* Info.plist */,
				0AEB6F59287EBFDA006B9510 /* Notifications.entitlements */,
				0ACD2E13287D721E0018920C /* NotificationsApp.swift */,
				0ACD2E15287D721E0018920C /* ContentView.swift */,
				0ACD2E17287D72200018920C /* Assets.xcassets */,
				0ACD2E19287D72200018920C /* Preview Content */,
			);
			path = Notifications;
			sourceTree = "<group>";
		};
		0ACD2E19287D72200018920C /* Preview Content */ = {
			isa = PBXGroup;
			children = (
				0ACD2E1A287D72200018920C /* Preview Assets.xcassets */,
			);
			path = "Preview Content";
			sourceTree = "<group>";
		};
		0AEB6F4C287EAF73006B9510 /* Notifications */ = {
			isa = PBXGroup;
			children = (
				0AEB6F4E287EB014006B9510 /* NotificationsView.swift */,
				0AEB6F55287EB51A006B9510 /* NotificationMessageView.swift */,
			);
			path = Notifications;
			sourceTree = "<group>";
		};
		0AEB6F4D287EB001006B9510 /* Settings */ = {
			isa = PBXGroup;
			children = (
				0AEB6F50287EB01D006B9510 /* SettingsView.swift */,
			);
			path = Settings;
			sourceTree = "<group>";
		};
		0AEB6F52287EB0F4006B9510 /* Types */ = {
			isa = PBXGroup;
			children = (
				0AEB6F53287EB106006B9510 /* NotificationMessage.swift */,
			);
			path = Types;
			sourceTree = "<group>";
		};
/* End PBXGroup section */

/* Begin PBXNativeTarget section */
		0ACD2E0F287D721E0018920C /* Notifications */ = {
			isa = PBXNativeTarget;
			buildConfigurationList = 0ACD2E1E287D72200018920C /* Build configuration list for PBXNativeTarget "Notifications" */;
			buildPhases = (
				0ACD2E0C287D721E0018920C /* Sources */,
				0ACD2E0D287D721E0018920C /* Frameworks */,
				0ACD2E0E287D721E0018920C /* Resources */,
			);
			buildRules = (
			);
			dependencies = (
			);
			name = Notifications;
			productName = Notifications;
			productReference = 0ACD2E10287D721E0018920C /* Notifications.app */;
			productType = "com.apple.product-type.application";
		};
/* End PBXNativeTarget section */

/* Begin PBXProject section */
		0ACD2E08287D721E0018920C /* Project object */ = {
			isa = PBXProject;
			attributes = {
				BuildIndependentTargetsInParallel = 1;
				LastSwiftUpdateCheck = 1400;
				LastUpgradeCheck = 1400;
				TargetAttributes = {
					0ACD2E0F287D721E0018920C = {
						CreatedOnToolsVersion = 14.0;
					};
				};
			};
			buildConfigurationList = 0ACD2E0B287D721E0018920C /* Build configuration list for PBXProject "Notifications" */;
			compatibilityVersion = "Xcode 14.0";
			developmentRegion = en;
			hasScannedForEncodings = 0;
			knownRegions = (
				en,
				Base,
			);
			mainGroup = 0ACD2E07287D721E0018920C;
			productRefGroup = 0ACD2E11287D721E0018920C /* Products */;
			projectDirPath = "";
			projectRoot = "";
			targets = (
				0ACD2E0F287D721E0018920C /* Notifications */,
			);
		};
/* End PBXProject section */

/* Begin PBXResourcesBuildPhase section */
		0ACD2E0E287D721E0018920C /* Resources */ = {
			isa = PBXResourcesBuildPhase;
			buildActionMask = 2147483647;
			files = (
				0ACD2E1B287D72200018920C /* Preview Assets.xcassets in Resources */,
				0ACD2E18287D72200018920C /* Assets.xcassets in Resources */,
			);
			runOnlyForDeploymentPostprocessing = 0;
		};
/* End PBXResourcesBuildPhase section */

/* Begin PBXSourcesBuildPhase section */
		0ACD2E0C287D721E0018920C /* Sources */ = {
			isa = PBXSourcesBuildPhase;
			buildActionMask = 2147483647;
			files = (
				0ACD2E16287D721E0018920C /* ContentView.swift in Sources */,
				0A22FCCD287FFA40007209CE /* Data+Hex.swift in Sources */,
				0AEB6F56287EB51A006B9510 /* NotificationMessageView.swift in Sources */,
				0AEB6F54287EB106006B9510 /* NotificationMessage.swift in Sources */,
				0A1AFF9128894343007ECC99 /* NotificationsManager.swift in Sources */,
				0A22FCCB287FFA11007209CE /* String+MD5.swift in Sources */,
				0AEB6F51287EB01D006B9510 /* SettingsView.swift in Sources */,
				0ACD2E14287D721E0018920C /* NotificationsApp.swift in Sources */,
				0AEB6F5B287EC95E006B9510 /* DeviceTokenManager.swift in Sources */,
				0AEB6F4F287EB014006B9510 /* NotificationsView.swift in Sources */,
				0AEB6F58287EBA0B006B9510 /* NavigationPathManager.swift in Sources */,
			);
			runOnlyForDeploymentPostprocessing = 0;
		};
/* End PBXSourcesBuildPhase section */

/* Begin XCBuildConfiguration section */
		0ACD2E1C287D72200018920C /* Debug */ = {
			isa = XCBuildConfiguration;
			buildSettings = {
				ALWAYS_SEARCH_USER_PATHS = NO;
				CLANG_ANALYZER_NONNULL = YES;
				CLANG_ANALYZER_NUMBER_OBJECT_CONVERSION = YES_AGGRESSIVE;
				CLANG_CXX_LANGUAGE_STANDARD = "gnu++20";
				CLANG_ENABLE_MODULES = YES;
				CLANG_ENABLE_OBJC_ARC = YES;
				CLANG_ENABLE_OBJC_WEAK = YES;
				CLANG_WARN_BLOCK_CAPTURE_AUTORELEASING = YES;
				CLANG_WARN_BOOL_CONVERSION = YES;
				CLANG_WARN_COMMA = YES;
				CLANG_WARN_CONSTANT_CONVERSION = YES;
				CLANG_WARN_DEPRECATED_OBJC_IMPLEMENTATIONS = YES;
				CLANG_WARN_DIRECT_OBJC_ISA_USAGE = YES_ERROR;
				CLANG_WARN_DOCUMENTATION_COMMENTS = YES;
				CLANG_WARN_EMPTY_BODY = YES;
				CLANG_WARN_ENUM_CONVERSION = YES;
				CLANG_WARN_INFINITE_RECURSION = YES;
				CLANG_WARN_INT_CONVERSION = YES;
				CLANG_WARN_NON_LITERAL_NULL_CONVERSION = YES;
				CLANG_WARN_OBJC_IMPLICIT_RETAIN_SELF = YES;
				CLANG_WARN_OBJC_LITERAL_CONVERSION = YES;
				CLANG_WARN_OBJC_ROOT_CLASS = YES_ERROR;
				CLANG_WARN_QUOTED_INCLUDE_IN_FRAMEWORK_HEADER = YES;
				CLANG_WARN_RANGE_LOOP_ANALYSIS = YES;
				CLANG_WARN_STRICT_PROTOTYPES = YES;
				CLANG_WARN_SUSPICIOUS_MOVE = YES;
				CLANG_WARN_UNGUARDED_AVAILABILITY = YES_AGGRESSIVE;
				CLANG_WARN_UNREACHABLE_CODE = YES;
				CLANG_WARN__DUPLICATE_METHOD_MATCH = YES;
				COPY_PHASE_STRIP = NO;
				DEBUG_INFORMATION_FORMAT = dwarf;
				ENABLE_STRICT_OBJC_MSGSEND = YES;
				ENABLE_TESTABILITY = YES;
				GCC_C_LANGUAGE_STANDARD = gnu11;
				GCC_DYNAMIC_NO_PIC = NO;
				GCC_NO_COMMON_BLOCKS = YES;
				GCC_OPTIMIZATION_LEVEL = 0;
				GCC_PREPROCESSOR_DEFINITIONS = (
					"DEBUG=1",
					"$(inherited)",
				);
				GCC_WARN_64_TO_32_BIT_CONVERSION = YES;
				GCC_WARN_ABOUT_RETURN_TYPE = YES_ERROR;
				GCC_WARN_UNDECLARED_SELECTOR = YES;
				GCC_WARN_UNINITIALIZED_AUTOS = YES_AGGRESSIVE;
				GCC_WARN_UNUSED_FUNCTION = YES;
				GCC_WARN_UNUSED_VARIABLE = YES;
				IPHONEOS_DEPLOYMENT_TARGET = 16.0;
				MTL_ENABLE_DEBUG_INFO = INCLUDE_SOURCE;
				MTL_FAST_MATH = YES;
				ONLY_ACTIVE_ARCH = YES;
				SDKROOT = iphoneos;
				SWIFT_ACTIVE_COMPILATION_CONDITIONS = DEBUG;
				SWIFT_OPTIMIZATION_LEVEL = "-Onone";
			};
			name = Debug;
		};
		0ACD2E1D287D72200018920C /* Release */ = {
			isa = XCBuildConfiguration;
			buildSettings = {
				ALWAYS_SEARCH_USER_PATHS = NO;
				CLANG_ANALYZER_NONNULL = YES;
				CLANG_ANALYZER_NUMBER_OBJECT_CONVERSION = YES_AGGRESSIVE;
				CLANG_CXX_LANGUAGE_STANDARD = "gnu++20";
				CLANG_ENABLE_MODULES = YES;
				CLANG_ENABLE_OBJC_ARC = YES;
				CLANG_ENABLE_OBJC_WEAK = YES;
				CLANG_WARN_BLOCK_CAPTURE_AUTORELEASING = YES;
				CLANG_WARN_BOOL_CONVERSION = YES;
				CLANG_WARN_COMMA = YES;
				CLANG_WARN_CONSTANT_CONVERSION = YES;
				CLANG_WARN_DEPRECATED_OBJC_IMPLEMENTATIONS = YES;
				CLANG_WARN_DIRECT_OBJC_ISA_USAGE = YES_ERROR;
				CLANG_WARN_DOCUMENTATION_COMMENTS = YES;
				CLANG_WARN_EMPTY_BODY = YES;
				CLANG_WARN_ENUM_CONVERSION = YES;
				CLANG_WARN_INFINITE_RECURSION = YES;
				CLANG_WARN_INT_CONVERSION = YES;
				CLANG_WARN_NON_LITERAL_NULL_CONVERSION = YES;
				CLANG_WARN_OBJC_IMPLICIT_RETAIN_SELF = YES;
				CLANG_WARN_OBJC_LITERAL_CONVERSION = YES;
				CLANG_WARN_OBJC_ROOT_CLASS = YES_ERROR;
				CLANG_WARN_QUOTED_INCLUDE_IN_FRAMEWORK_HEADER = YES;
				CLANG_WARN_RANGE_LOOP_ANALYSIS = YES;
				CLANG_WARN_STRICT_PROTOTYPES = YES;
				CLANG_WARN_SUSPICIOUS_MOVE = YES;
				CLANG_WARN_UNGUARDED_AVAILABILITY = YES_AGGRESSIVE;
				CLANG_WARN_UNREACHABLE_CODE = YES;
				CLANG_WARN__DUPLICATE_METHOD_MATCH = YES;
				COPY_PHASE_STRIP = NO;
				DEBUG_INFORMATION_FORMAT = "dwarf-with-dsym";
				ENABLE_NS_ASSERTIONS = NO;
				ENABLE_STRICT_OBJC_MSGSEND = YES;
				GCC_C_LANGUAGE_STANDARD = gnu11;
				GCC_NO_COMMON_BLOCKS = YES;
				GCC_WARN_64_TO_32_BIT_CONVERSION = YES;
				GCC_WARN_ABOUT_RETURN_TYPE = YES_ERROR;
				GCC_WARN_UNDECLARED_SELECTOR = YES;
				GCC_WARN_UNINITIALIZED_AUTOS = YES_AGGRESSIVE;
				GCC_WARN_UNUSED_FUNCTION = YES;
				GCC_WARN_UNUSED_VARIABLE = YES;
				IPHONEOS_DEPLOYMENT_TARGET = 16.0;
				MTL_ENABLE_DEBUG_INFO = NO;
				MTL_FAST_MATH = YES;
				SDKROOT = iphoneos;
				SWIFT_COMPILATION_MODE = wholemodule;
				SWIFT_OPTIMIZATION_LEVEL = "-O";
				VALIDATE_PRODUCT = YES;
			};
			name = Release;
		};
		0ACD2E1F287D72200018920C /* Debug */ = {
			isa = XCBuildConfiguration;
			buildSettings = {
				ASSETCATALOG_COMPILER_APPICON_NAME = AppIcon;
				ASSETCATALOG_COMPILER_GLOBAL_ACCENT_COLOR_NAME = AccentColor;
				CODE_SIGN_ENTITLEMENTS = Notifications/Notifications.entitlements;
				CODE_SIGN_STYLE = Automatic;
				CURRENT_PROJECT_VERSION = 1;
				DEVELOPMENT_ASSET_PATHS = "\"Notifications/Preview Content\"";
				DEVELOPMENT_TEAM = 2T6WKE788U;
				ENABLE_PREVIEWS = YES;
				GENERATE_INFOPLIST_FILE = YES;
				INFOPLIST_FILE = Notifications/Info.plist;
				INFOPLIST_KEY_LSApplicationCategoryType = "public.app-category.utilities";
				INFOPLIST_KEY_UIApplicationSceneManifest_Generation = YES;
				INFOPLIST_KEY_UIApplicationSupportsIndirectInputEvents = YES;
				INFOPLIST_KEY_UILaunchScreen_Generation = YES;
				INFOPLIST_KEY_UISupportedInterfaceOrientations_iPad = "UIInterfaceOrientationPortrait UIInterfaceOrientationPortraitUpsideDown UIInterfaceOrientationLandscapeLeft UIInterfaceOrientationLandscapeRight";
				INFOPLIST_KEY_UISupportedInterfaceOrientations_iPhone = "UIInterfaceOrientationPortrait UIInterfaceOrientationLandscapeLeft UIInterfaceOrientationLandscapeRight";
				IPHONEOS_DEPLOYMENT_TARGET = 16.0;
				LD_RUNPATH_SEARCH_PATHS = (
					"$(inherited)",
					"@executable_path/Frameworks",
				);
				MARKETING_VERSION = 1.0;
				PRODUCT_BUNDLE_IDENTIFIER = com.cezres.notifications;
				PRODUCT_NAME = "$(TARGET_NAME)";
				SWIFT_EMIT_LOC_STRINGS = YES;
				SWIFT_VERSION = 5.0;
				TARGETED_DEVICE_FAMILY = "1,2";
			};
			name = Debug;
		};
		0ACD2E20287D72200018920C /* Release */ = {
			isa = XCBuildConfiguration;
			buildSettings = {
				ASSETCATALOG_COMPILER_APPICON_NAME = AppIcon;
				ASSETCATALOG_COMPILER_GLOBAL_ACCENT_COLOR_NAME = AccentColor;
				CODE_SIGN_ENTITLEMENTS = Notifications/Notifications.entitlements;
				CODE_SIGN_STYLE = Automatic;
				CURRENT_PROJECT_VERSION = 1;
				DEVELOPMENT_ASSET_PATHS = "\"Notifications/Preview Content\"";
				DEVELOPMENT_TEAM = 2T6WKE788U;
				ENABLE_PREVIEWS = YES;
				GENERATE_INFOPLIST_FILE = YES;
				INFOPLIST_FILE = Notifications/Info.plist;
				INFOPLIST_KEY_LSApplicationCategoryType = "public.app-category.utilities";
				INFOPLIST_KEY_UIApplicationSceneManifest_Generation = YES;
				INFOPLIST_KEY_UIApplicationSupportsIndirectInputEvents = YES;
				INFOPLIST_KEY_UILaunchScreen_Generation = YES;
				INFOPLIST_KEY_UISupportedInterfaceOrientations_iPad = "UIInterfaceOrientationPortrait UIInterfaceOrientationPortraitUpsideDown UIInterfaceOrientationLandscapeLeft UIInterfaceOrientationLandscapeRight";
				INFOPLIST_KEY_UISupportedInterfaceOrientations_iPhone = "UIInterfaceOrientationPortrait UIInterfaceOrientationLandscapeLeft UIInterfaceOrientationLandscapeRight";
				IPHONEOS_DEPLOYMENT_TARGET = 16.0;
				LD_RUNPATH_SEARCH_PATHS = (
					"$(inherited)",
					"@executable_path/Frameworks",
				);
				MARKETING_VERSION = 1.0;
				PRODUCT_BUNDLE_IDENTIFIER = com.cezres.notifications;
				PRODUCT_NAME = "$(TARGET_NAME)";
				SWIFT_EMIT_LOC_STRINGS = YES;
				SWIFT_VERSION = 5.0;
				TARGETED_DEVICE_FAMILY = "1,2";
			};
			name = Release;
		};
/* End XCBuildConfiguration section */

/* Begin XCConfigurationList section */
		0ACD2E0B287D721E0018920C /* Build configuration list for PBXProject "Notifications" */ = {
			isa = XCConfigurationList;
			buildConfigurations = (
				0ACD2E1C287D72200018920C /* Debug */,
				0ACD2E1D287D72200018920C /* Release */,
			);
			defaultConfigurationIsVisible = 0;
			defaultConfigurationName = Release;
		};
		0ACD2E1E287D72200018920C /* Build configuration list for PBXNativeTarget "Notifications" */ = {
			isa = XCConfigurationList;
			buildConfigurations = (
				0ACD2E1F287D72200018920C /* Debug */,
				0ACD2E20287D72200018920C /* Release */,
			);
			defaultConfigurationIsVisible = 0;
			defaultConfigurationName = Release;
		};
/* End XCConfigurationList section */
	};
	rootObject = 0ACD2E08287D721E0018920C /* Project object */;
}
